
Microsoft Visual Studio Solution File, Format Version 12.00
# Visual Studio 15
VisualStudioVersion = 15.0.27428.2037
MinimumVisualStudioVersion = 10.0.40219.1
Project("{FAE04EC0-301F-11D3-BF4B-00C04F79EFBC}") = "POC", "POC\POC.csproj", "{68C5A2B9-DB67-47A7-9D8D-98F10F3A5DD9}"
EndProject
Project("{FAE04EC0-301F-11D3-BF4B-00C04F79EFBC}") = "POC.Tests", "POC.Tests\POC.Tests.csproj", "{B495104D-B91A-46A5-BD4B-DB02622AA99A}"
EndProject
Global
	GlobalSection(SolutionConfigurationPlatforms) = preSolution
		Debug|Any CPU = Debug|Any CPU
		Release|Any CPU = Release|Any CPU
	EndGlobalSection
	GlobalSection(ProjectConfigurationPlatforms) = postSolution
		{68C5A2B9-DB67-47A7-9D8D-98F10F3A5DD9}.Debug|Any CPU.ActiveCfg = Debug|Any CPU
		{68C5A2B9-DB67-47A7-9D8D-98F10F3A5DD9}.Debug|Any CPU.Build.0 = Debug|Any CPU
		{68C5A2B9-DB67-47A7-9D8D-98F10F3A5DD9}.Release|Any CPU.ActiveCfg = Release|Any CPU
		{68C5A2B9-DB67-47A7-9D8D-98F10F3A5DD9}.Release|Any CPU.Build.0 = Release|Any CPU
		{B495104D-B91A-46A5-BD4B-DB02622AA99A}.Debug|Any CPU.ActiveCfg = Debug|Any CPU
		{B495104D-B91A-46A5-BD4B-DB02622AA99A}.Debug|Any CPU.Build.0 = Debug|Any CPU
		{B495104D-B91A-46A5-BD4B-DB02622AA99A}.Release|Any CPU.ActiveCfg = Release|Any CPU
		{B495104D-B91A-46A5-BD4B-DB02622AA99A}.Release|Any CPU.Build.0 = Release|Any CPU
	EndGlobalSection
	GlobalSection(SolutionProperties) = preSolution
		HideSolutionNode = FALSE
	EndGlobalSection
	GlobalSection(ExtensibilityGlobals) = postSolution
		SolutionGuid = {FB738DEC-80B0-4C5A-9759-60E0AAB653FC}
	EndGlobalSection
EndGlobal
